
Microsoft Visual Studio Solution File, Format Version 12.00
# Visual Studio Version 17
VisualStudioVersion = 17.11.35327.3
MinimumVisualStudioVersion = 10.0.40219.1
Project("{FAE04EC0-301F-11D3-BF4B-00C04F79EFBC}") = "JSONSerializationOption", "JSONSerializationOption\JSONSerializationOption.csproj", "{C8222C4A-BFDD-4644-9215-F505E9423F18}"
EndProject
Global
	GlobalSection(SolutionConfigurationPlatforms) = preSolution
		Debug|Any CPU = Debug|Any CPU
		Release|Any CPU = Release|Any CPU
	EndGlobalSection
	GlobalSection(ProjectConfigurationPlatforms) = postSolution
		{C8222C4A-BFDD-4644-9215-F505E9423F18}.Debug|Any CPU.ActiveCfg = Debug|Any CPU
		{C8222C4A-BFDD-4644-9215-F505E9423F18}.Debug|Any CPU.Build.0 = Debug|Any CPU
		{C8222C4A-BFDD-4644-9215-F505E9423F18}.Release|Any CPU.ActiveCfg = Release|Any CPU
		{C8222C4A-BFDD-4644-9215-F505E9423F18}.Release|Any CPU.Build.0 = Release|Any CPU
	EndGlobalSection
	GlobalSection(SolutionProperties) = preSolution
		HideSolutionNode = FALSE
	EndGlobalSection
	GlobalSection(ExtensibilityGlobals) = postSolution
		SolutionGuid = {3DCE50FC-DACD-4EA6-B964-269D68C8355E}
	EndGlobalSection
EndGlobal
